PODS:
  - Alamofire (4.5.1)
  - Bolts (1.8.4):
    - Bolts/AppLinks (= 1.8.4)
    - Bolts/Tasks (= 1.8.4)
  - Bolts/AppLinks (1.8.4):
    - Bolts/Tasks
  - Bolts/Tasks (1.8.4)
  - Cidaas-Facebook (9.4.1):
    - Cidaas-SDK (= 9.4.6)
    - FacebookCore (= 0.3.0)
    - FacebookLogin (= 0.3.0)
  - Cidaas-SDK (9.4.6):
    - Alamofire (= 4.5.1)
    - CryptoSwift (= 0.7.2)
    - libCommonCrypto (= 0.1.1)
    - ReachabilitySwift (= 3)
  - CryptoSwift (0.7.2)
  - FacebookCore (0.3.0):
    - Bolts (~> 1.8)
    - FBSDKCoreKit (~> 4.27)
  - FacebookLogin (0.3.0):
    - Bolts (~> 1.8)
    - FacebookCore (~> 0.3)
    - FBSDKCoreKit (~> 4.27)
    - FBSDKLoginKit (~> 4.27)
  - FBSDKCoreKit (4.29.0):
    - Bolts (~> 1.7)
  - FBSDKLoginKit (4.29.0):
    - FBSDKCoreKit
  - libCommonCrypto (0.1.1)
  - ReachabilitySwift (3)

DEPENDENCIES:
  - Cidaas-Facebook (= 9.4.1)

SPEC CHECKSUMS:
  Alamofire: 2d95912bf4c34f164fdfc335872e8c312acaea4a
  Bolts: 8a7995239dbe724f9cba2248b766d48b7ebdd322
  Cidaas-Facebook: ad322882e3a52babdb6f8035462b040cb6bee514
  Cidaas-SDK: 11dede70a053f0760d5d978982f65d9dc8c27280
  CryptoSwift: cd2158be2bf639aabc63ec804707c7137c90157c
  FacebookCore: 3ffa190a3f1f96cec0e44d3fc221bc322c595ffa
  FacebookLogin: 0af839ea858faef99550d16596b87b4a8e8906e6
  FBSDKCoreKit: 6f139173dc63a1deaff4430a55f2fe5bb222d2af
  FBSDKLoginKit: 56a057ca6822535ea0faa25f57a7c41edb697fd4
  libCommonCrypto: 8bc2f53375ef9815ddd9dd663e110e1cced41747
  ReachabilitySwift: f5b9bb30a0777fac8f09ce8b067e32faeb29bb64

PODFILE CHECKSUM: 5509b26f093a801d9345be992ef58d0fe810483b

COCOAPODS: 1.3.1
