// !$*UTF8*$!
{
	archiveVersion = 1;
	classes = {
	};
	objectVersion = 46;
	objects = {

/* Begin PBXBuildFile section */
		1F638D3D1FE8DB0500C1DC48 /* CustomLoader.swift in Sources */ = {isa = PBXBuildFile; fileRef = 1F638D3B1FE8DB0400C1DC48 /* CustomLoader.swift */; };
		1F638D3E1FE8DB0500C1DC48 /* MBProgressHUD.m in Sources */ = {isa = PBXBuildFile; fileRef = 1F638D3C1FE8DB0400C1DC48 /* MBProgressHUD.m */; };
		1F70CBC11F04BFD700622D5E /* AppDelegate.swift in Sources */ = {isa = PBXBuildFile; fileRef = 1F70CBC01F04BFD700622D5E /* AppDelegate.swift */; };
		1F70CBC31F04BFD700622D5E /* ViewController.swift in Sources */ = {isa = PBXBuildFile; fileRef = 1F70CBC21F04BFD700622D5E /* ViewController.swift */; };
		1F70CBC61F04BFD700622D5E /* Main.storyboard in Resources */ = {isa = PBXBuildFile; fileRef = 1F70CBC41F04BFD700622D5E /* Main.storyboard */; };
		1F70CBC81F04BFD700622D5E /* Assets.xcassets in Resources */ = {isa = PBXBuildFile; fileRef = 1F70CBC71F04BFD700622D5E /* Assets.xcassets */; };
		1F70CBCB1F04BFD700622D5E /* LaunchScreen.storyboard in Resources */ = {isa = PBXBuildFile; fileRef = 1F70CBC91F04BFD700622D5E /* LaunchScreen.storyboard */; };
		1F70CBD31F04C64900622D5E /* Cidaas.plist in Resources */ = {isa = PBXBuildFile; fileRef = 1F70CBD21F04C64900622D5E /* Cidaas.plist */; };
		CA39EE4D282B6D7F1C0EE9E2 /* Pods_FacebookExample.framework in Frameworks */ = {isa = PBXBuildFile; fileRef = 7CE8E48B1F140500FA062E57 /* Pods_FacebookExample.framework */; };
/* End PBXBuildFile section */

/* Begin PBXFileReference section */
		1F638D391FE8DB0300C1DC48 /* FacebookExample-Bridging-Header.h */ = {isa = PBXFileReference; lastKnownFileType = sourcecode.c.h; path = "FacebookExample-Bridging-Header.h"; sourceTree = "<group>"; };
		1F638D3A1FE8DB0400C1DC48 /* MBProgressHUD.h */ = {isa = PBXFileReference; fileEncoding = 4; lastKnownFileType = sourcecode.c.h; path = MBProgressHUD.h; sourceTree = "<group>"; };
		1F638D3B1FE8DB0400C1DC48 /* CustomLoader.swift */ = {isa = PBXFileReference; fileEncoding = 4; lastKnownFileType = sourcecode.swift; path = CustomLoader.swift; sourceTree = "<group>"; };
		1F638D3C1FE8DB0400C1DC48 /* MBProgressHUD.m */ = {isa = PBXFileReference; fileEncoding = 4; lastKnownFileType = sourcecode.c.objc; path = MBProgressHUD.m; sourceTree = "<group>"; };
		1F70CBBD1F04BFD700622D5E /* FacebookExample.app */ = {isa = PBXFileReference; explicitFileType = wrapper.application; includeInIndex = 0; path = FacebookExample.app; sourceTree = BUILT_PRODUCTS_DIR; };
		1F70CBC01F04BFD700622D5E /* AppDelegate.swift */ = {isa = PBXFileReference; lastKnownFileType = sourcecode.swift; path = AppDelegate.swift; sourceTree = "<group>"; };
		1F70CBC21F04BFD700622D5E /* ViewController.swift */ = {isa = PBXFileReference; lastKnownFileType = sourcecode.swift; path = ViewController.swift; sourceTree = "<group>"; };
		1F70CBC51F04BFD700622D5E /* Base */ = {isa = PBXFileReference; lastKnownFileType = file.storyboard; name = Base; path = Base.lproj/Main.storyboard; sourceTree = "<group>"; };
		1F70CBC71F04BFD700622D5E /* Assets.xcassets */ = {isa = PBXFileReference; lastKnownFileType = folder.assetcatalog; path = Assets.xcassets; sourceTree = "<group>"; };
		1F70CBCA1F04BFD700622D5E /* Base */ = {isa = PBXFileReference; lastKnownFileType = file.storyboard; name = Base; path = Base.lproj/LaunchScreen.storyboard; sourceTree = "<group>"; };
		1F70CBCC1F04BFD700622D5E /* Info.plist */ = {isa = PBXFileReference; lastKnownFileType = text.plist.xml; path = Info.plist; sourceTree = "<group>"; };
		1F70CBD21F04C64900622D5E /* Cidaas.plist */ = {isa = PBXFileReference; fileEncoding = 4; lastKnownFileType = text.plist.xml; path = Cidaas.plist; sourceTree = "<group>"; };
		7CE8E48B1F140500FA062E57 /* Pods_FacebookExample.framework */ = {isa = PBXFileReference; explicitFileType = wrapper.framework; includeInIndex = 0; path = Pods_FacebookExample.framework; sourceTree = BUILT_PRODUCTS_DIR; };
		BD52ED30C381060124195CF6 /* Pods-FacebookExample.release.xcconfig */ = {isa = PBXFileReference; includeInIndex = 1; lastKnownFileType = text.xcconfig; name = "Pods-FacebookExample.release.xcconfig"; path = "Pods/Target Support Files/Pods-FacebookExample/Pods-FacebookExample.release.xcconfig"; sourceTree = "<group>"; };
		D99EA4B8C2D516DE7DB7C4E8 /* Pods-FacebookExample.debug.xcconfig */ = {isa = PBXFileReference; includeInIndex = 1; lastKnownFileType = text.xcconfig; name = "Pods-FacebookExample.debug.xcconfig"; path = "Pods/Target Support Files/Pods-FacebookExample/Pods-FacebookExample.debug.xcconfig"; sourceTree = "<group>"; };
/* End PBXFileReference section */

/* Begin PBXFrameworksBuildPhase section */
		1F70CBBA1F04BFD700622D5E /* Frameworks */ = {
			isa = PBXFrameworksBuildPhase;
			buildActionMask = 2147483647;
			files = (
				CA39EE4D282B6D7F1C0EE9E2 /* Pods_FacebookExample.framework in Frameworks */,
			);
			runOnlyForDeploymentPostprocessing = 0;
		};
/* End PBXFrameworksBuildPhase section */

/* Begin PBXGroup section */
		1F70CBB41F04BFD700622D5E = {
			isa = PBXGroup;
			children = (
				1F70CBBF1F04BFD700622D5E /* FacebookExample */,
				1F70CBBE1F04BFD700622D5E /* Products */,
				AD1858B7E417475BBFD2FF5C /* Pods */,
				34679D4AC0F5C4CFC4EE209D /* Frameworks */,
			);
			sourceTree = "<group>";
		};
		1F70CBBE1F04BFD700622D5E /* Products */ = {
			isa = PBXGroup;
			children = (
				1F70CBBD1F04BFD700622D5E /* FacebookExample.app */,
			);
			name = Products;
			sourceTree = "<group>";
		};
		1F70CBBF1F04BFD700622D5E /* FacebookExample */ = {
			isa = PBXGroup;
			children = (
				1F638D3B1FE8DB0400C1DC48 /* CustomLoader.swift */,
				1F638D3A1FE8DB0400C1DC48 /* MBProgressHUD.h */,
				1F638D3C1FE8DB0400C1DC48 /* MBProgressHUD.m */,
				1F70CBD21F04C64900622D5E /* Cidaas.plist */,
				1F70CBC01F04BFD700622D5E /* AppDelegate.swift */,
				1F70CBC21F04BFD700622D5E /* ViewController.swift */,
				1F70CBC41F04BFD700622D5E /* Main.storyboard */,
				1F70CBC71F04BFD700622D5E /* Assets.xcassets */,
				1F70CBC91F04BFD700622D5E /* LaunchScreen.storyboard */,
				1F70CBCC1F04BFD700622D5E /* Info.plist */,
				1F638D391FE8DB0300C1DC48 /* FacebookExample-Bridging-Header.h */,
			);
			path = FacebookExample;
			sourceTree = "<group>";
		};
		34679D4AC0F5C4CFC4EE209D /* Frameworks */ = {
			isa = PBXGroup;
			children = (
				7CE8E48B1F140500FA062E57 /* Pods_FacebookExample.framework */,
			);
			name = Frameworks;
			sourceTree = "<group>";
		};
		AD1858B7E417475BBFD2FF5C /* Pods */ = {
			isa = PBXGroup;
			children = (
				D99EA4B8C2D516DE7DB7C4E8 /* Pods-FacebookExample.debug.xcconfig */,
				BD52ED30C381060124195CF6 /* Pods-FacebookExample.release.xcconfig */,
			);
			name = Pods;
			sourceTree = "<group>";
		};
/* End PBXGroup section */

/* Begin PBXNativeTarget section */
		1F70CBBC1F04BFD700622D5E /* FacebookExample */ = {
			isa = PBXNativeTarget;
			buildConfigurationList = 1F70CBCF1F04BFD700622D5E /* Build configuration list for PBXNativeTarget "FacebookExample" */;
			buildPhases = (
				2916023727716957017436CE /* [CP] Check Pods Manifest.lock */,
				1F70CBB91F04BFD700622D5E /* Sources */,
				1F70CBBA1F04BFD700622D5E /* Frameworks */,
				1F70CBBB1F04BFD700622D5E /* Resources */,
				F53290CB643B9BBF0AB9490A /* [CP] Embed Pods Frameworks */,
				2C94BAB2068B0065D210DFFB /* [CP] Copy Pods Resources */,
			);
			buildRules = (
			);
			dependencies = (
			);
			name = FacebookExample;
			productName = FacebookExample;
			productReference = 1F70CBBD1F04BFD700622D5E /* FacebookExample.app */;
			productType = "com.apple.product-type.application";
		};
/* End PBXNativeTarget section */

/* Begin PBXProject section */
		1F70CBB51F04BFD700622D5E /* Project object */ = {
			isa = PBXProject;
			attributes = {
				LastSwiftUpdateCheck = 0830;
				LastUpgradeCheck = 0910;
				ORGANIZATIONNAME = Widas;
				TargetAttributes = {
					1F70CBBC1F04BFD700622D5E = {
						CreatedOnToolsVersion = 8.3.3;
						DevelopmentTeam = N7VFD4HU4U;
						LastSwiftMigration = 0910;
						ProvisioningStyle = Automatic;
					};
				};
			};
			buildConfigurationList = 1F70CBB81F04BFD700622D5E /* Build configuration list for PBXProject "FacebookExample" */;
			compatibilityVersion = "Xcode 3.2";
			developmentRegion = English;
			hasScannedForEncodings = 0;
			knownRegions = (
				en,
				Base,
			);
			mainGroup = 1F70CBB41F04BFD700622D5E;
			productRefGroup = 1F70CBBE1F04BFD700622D5E /* Products */;
			projectDirPath = "";
			projectRoot = "";
			targets = (
				1F70CBBC1F04BFD700622D5E /* FacebookExample */,
			);
		};
/* End PBXProject section */

/* Begin PBXResourcesBuildPhase section */
		1F70CBBB1F04BFD700622D5E /* Resources */ = {
			isa = PBXResourcesBuildPhase;
			buildActionMask = 2147483647;
			files = (
				1F70CBCB1F04BFD700622D5E /* LaunchScreen.storyboard in Resources */,
				1F70CBC81F04BFD700622D5E /* Assets.xcassets in Resources */,
				1F70CBC61F04BFD700622D5E /* Main.storyboard in Resources */,
				1F70CBD31F04C64900622D5E /* Cidaas.plist in Resources */,
			);
			runOnlyForDeploymentPostprocessing = 0;
		};
/* End PBXResourcesBuildPhase section */

/* Begin PBXShellScriptBuildPhase section */
		2916023727716957017436CE /* [CP] Check Pods Manifest.lock */ = {
			isa = PBXShellScriptBuildPhase;
			buildActionMask = 2147483647;
			files = (
			);
			inputPaths = (
				"${PODS_PODFILE_DIR_PATH}/Podfile.lock",
				"${PODS_ROOT}/Manifest.lock",
			);
			name = "[CP] Check Pods Manifest.lock";
			outputPaths = (
				"$(DERIVED_FILE_DIR)/Pods-FacebookExample-checkManifestLockResult.txt",
			);
			runOnlyForDeploymentPostprocessing = 0;
			shellPath = /bin/sh;
			shellScript = "diff \"${PODS_PODFILE_DIR_PATH}/Podfile.lock\" \"${PODS_ROOT}/Manifest.lock\" > /dev/null\nif [ $? != 0 ] ; then\n    # print error to STDERR\n    echo \"error: The sandbox is not in sync with the Podfile.lock. Run 'pod install' or update your CocoaPods installation.\" >&2\n    exit 1\nfi\n# This output is used by Xcode 'outputs' to avoid re-running this script phase.\necho \"SUCCESS\" > \"${SCRIPT_OUTPUT_FILE_0}\"\n";
			showEnvVarsInLog = 0;
		};
		2C94BAB2068B0065D210DFFB /* [CP] Copy Pods Resources */ = {
			isa = PBXShellScriptBuildPhase;
			buildActionMask = 2147483647;
			files = (
			);
			inputPaths = (
			);
			name = "[CP] Copy Pods Resources";
			outputPaths = (
			);
			runOnlyForDeploymentPostprocessing = 0;
			shellPath = /bin/sh;
			shellScript = "\"${SRCROOT}/Pods/Target Support Files/Pods-FacebookExample/Pods-FacebookExample-resources.sh\"\n";
			showEnvVarsInLog = 0;
		};
		F53290CB643B9BBF0AB9490A /* [CP] Embed Pods Frameworks */ = {
			isa = PBXShellScriptBuildPhase;
			buildActionMask = 2147483647;
			files = (
			);
			inputPaths = (
				"${SRCROOT}/Pods/Target Support Files/Pods-FacebookExample/Pods-FacebookExample-frameworks.sh",
				"${BUILT_PRODUCTS_DIR}/Alamofire/Alamofire.framework",
				"${BUILT_PRODUCTS_DIR}/Bolts/Bolts.framework",
				"${BUILT_PRODUCTS_DIR}/Cidaas-Facebook/Cidaas_Facebook.framework",
				"${BUILT_PRODUCTS_DIR}/Cidaas-SDK/Cidaas_SDK.framework",
				"${BUILT_PRODUCTS_DIR}/CryptoSwift/CryptoSwift.framework",
				"${BUILT_PRODUCTS_DIR}/FBSDKCoreKit/FBSDKCoreKit.framework",
				"${BUILT_PRODUCTS_DIR}/FBSDKLoginKit/FBSDKLoginKit.framework",
				"${BUILT_PRODUCTS_DIR}/FacebookCore/FacebookCore.framework",
				"${BUILT_PRODUCTS_DIR}/FacebookLogin/FacebookLogin.framework",
				"${BUILT_PRODUCTS_DIR}/ReachabilitySwift/ReachabilitySwift.framework",
				"${BUILT_PRODUCTS_DIR}/libCommonCrypto/CommonCrypto.framework",
			);
			name = "[CP] Embed Pods Frameworks";
			outputPaths = (
				"${TARGET_BUILD_DIR}/${FRAMEWORKS_FOLDER_PATH}/Alamofire.framework",
				"${TARGET_BUILD_DIR}/${FRAMEWORKS_FOLDER_PATH}/Bolts.framework",
				"${TARGET_BUILD_DIR}/${FRAMEWORKS_FOLDER_PATH}/Cidaas_Facebook.framework",
				"${TARGET_BUILD_DIR}/${FRAMEWORKS_FOLDER_PATH}/Cidaas_SDK.framework",
				"${TARGET_BUILD_DIR}/${FRAMEWORKS_FOLDER_PATH}/CryptoSwift.framework",
				"${TARGET_BUILD_DIR}/${FRAMEWORKS_FOLDER_PATH}/FBSDKCoreKit.framework",
				"${TARGET_BUILD_DIR}/${FRAMEWORKS_FOLDER_PATH}/FBSDKLoginKit.framework",
				"${TARGET_BUILD_DIR}/${FRAMEWORKS_FOLDER_PATH}/FacebookCore.framework",
				"${TARGET_BUILD_DIR}/${FRAMEWORKS_FOLDER_PATH}/FacebookLogin.framework",
				"${TARGET_BUILD_DIR}/${FRAMEWORKS_FOLDER_PATH}/ReachabilitySwift.framework",
				"${TARGET_BUILD_DIR}/${FRAMEWORKS_FOLDER_PATH}/CommonCrypto.framework",
			);
			runOnlyForDeploymentPostprocessing = 0;
			shellPath = /bin/sh;
			shellScript = "\"${SRCROOT}/Pods/Target Support Files/Pods-FacebookExample/Pods-FacebookExample-frameworks.sh\"\n";
			showEnvVarsInLog = 0;
		};
/* End PBXShellScriptBuildPhase section */

/* Begin PBXSourcesBuildPhase section */
		1F70CBB91F04BFD700622D5E /* Sources */ = {
			isa = PBXSourcesBuildPhase;
			buildActionMask = 2147483647;
			files = (
				1F70CBC31F04BFD700622D5E /* ViewController.swift in Sources */,
				1F70CBC11F04BFD700622D5E /* AppDelegate.swift in Sources */,
				1F638D3D1FE8DB0500C1DC48 /* CustomLoader.swift in Sources */,
				1F638D3E1FE8DB0500C1DC48 /* MBProgressHUD.m in Sources */,
			);
			runOnlyForDeploymentPostprocessing = 0;
		};
/* End PBXSourcesBuildPhase section */

/* Begin PBXVariantGroup section */
		1F70CBC41F04BFD700622D5E /* Main.storyboard */ = {
			isa = PBXVariantGroup;
			children = (
				1F70CBC51F04BFD700622D5E /* Base */,
			);
			name = Main.storyboard;
			sourceTree = "<group>";
		};
		1F70CBC91F04BFD700622D5E /* LaunchScreen.storyboard */ = {
			isa = PBXVariantGroup;
			children = (
				1F70CBCA1F04BFD700622D5E /* Base */,
			);
			name = LaunchScreen.storyboard;
			sourceTree = "<group>";
		};
/* End PBXVariantGroup section */

/* Begin XCBuildConfiguration section */
		1F70CBCD1F04BFD700622D5E /* Debug */ = {
			isa = XCBuildConfiguration;
			buildSettings = {
				ALWAYS_SEARCH_USER_PATHS = NO;
				CLANG_ANALYZER_NONNULL = YES;
				CLANG_ANALYZER_NUMBER_OBJECT_CONVERSION = YES_AGGRESSIVE;
				CLANG_CXX_LANGUAGE_STANDARD = "gnu++0x";
				CLANG_CXX_LIBRARY = "libc++";
				CLANG_ENABLE_MODULES = YES;
				CLANG_ENABLE_OBJC_ARC = YES;
				CLANG_WARN_BLOCK_CAPTURE_AUTORELEASING = YES;
				CLANG_WARN_BOOL_CONVERSION = YES;
				CLANG_WARN_COMMA = YES;
				CLANG_WARN_CONSTANT_CONVERSION = YES;
				CLANG_WARN_DIRECT_OBJC_ISA_USAGE = YES_ERROR;
				CLANG_WARN_DOCUMENTATION_COMMENTS = YES;
				CLANG_WARN_EMPTY_BODY = YES;
				CLANG_WARN_ENUM_CONVERSION = YES;
				CLANG_WARN_INFINITE_RECURSION = YES;
				CLANG_WARN_INT_CONVERSION = YES;
				CLANG_WARN_NON_LITERAL_NULL_CONVERSION = YES;
				CLANG_WARN_OBJC_LITERAL_CONVERSION = YES;
				CLANG_WARN_OBJC_ROOT_CLASS = YES_ERROR;
				CLANG_WARN_RANGE_LOOP_ANALYSIS = YES;
				CLANG_WARN_STRICT_PROTOTYPES = YES;
				CLANG_WARN_SUSPICIOUS_MOVE = YES;
				CLANG_WARN_UNREACHABLE_CODE = YES;
				CLANG_WARN__DUPLICATE_METHOD_MATCH = YES;
				"CODE_SIGN_IDENTITY[sdk=iphoneos*]" = "iPhone Developer";
				COPY_PHASE_STRIP = NO;
				DEBUG_INFORMATION_FORMAT = dwarf;
				ENABLE_STRICT_OBJC_MSGSEND = YES;
				ENABLE_TESTABILITY = YES;
				GCC_C_LANGUAGE_STANDARD = gnu99;
				GCC_DYNAMIC_NO_PIC = NO;
				GCC_NO_COMMON_BLOCKS = YES;
				GCC_OPTIMIZATION_LEVEL = 0;
				GCC_PREPROCESSOR_DEFINITIONS = (
					"DEBUG=1",
					"$(inherited)",
				);
				GCC_WARN_64_TO_32_BIT_CONVERSION = YES;
				GCC_WARN_ABOUT_RETURN_TYPE = YES_ERROR;
				GCC_WARN_UNDECLARED_SELECTOR = YES;
				GCC_WARN_UNINITIALIZED_AUTOS = YES_AGGRESSIVE;
				GCC_WARN_UNUSED_FUNCTION = YES;
				GCC_WARN_UNUSED_VARIABLE = YES;
				IPHONEOS_DEPLOYMENT_TARGET = 10.3;
				MTL_ENABLE_DEBUG_INFO = YES;
				ONLY_ACTIVE_ARCH = YES;
				SDKROOT = iphoneos;
				SWIFT_ACTIVE_COMPILATION_CONDITIONS = DEBUG;
				SWIFT_OPTIMIZATION_LEVEL = "-Onone";
			};
			name = Debug;
		};
		1F70CBCE1F04BFD700622D5E /* Release */ = {
			isa = XCBuildConfiguration;
			buildSettings = {
				ALWAYS_SEARCH_USER_PATHS = NO;
				CLANG_ANALYZER_NONNULL = YES;
				CLANG_ANALYZER_NUMBER_OBJECT_CONVERSION = YES_AGGRESSIVE;
				CLANG_CXX_LANGUAGE_STANDARD = "gnu++0x";
				CLANG_CXX_LIBRARY = "libc++";
				CLANG_ENABLE_MODULES = YES;
				CLANG_ENABLE_OBJC_ARC = YES;
				CLANG_WARN_BLOCK_CAPTURE_AUTORELEASING = YES;
				CLANG_WARN_BOOL_CONVERSION = YES;
				CLANG_WARN_COMMA = YES;
				CLANG_WARN_CONSTANT_CONVERSION = YES;
				CLANG_WARN_DIRECT_OBJC_ISA_USAGE = YES_ERROR;
				CLANG_WARN_DOCUMENTATION_COMMENTS = YES;
				CLANG_WARN_EMPTY_BODY = YES;
				CLANG_WARN_ENUM_CONVERSION = YES;
				CLANG_WARN_INFINITE_RECURSION = YES;
				CLANG_WARN_INT_CONVERSION = YES;
				CLANG_WARN_NON_LITERAL_NULL_CONVERSION = YES;
				CLANG_WARN_OBJC_LITERAL_CONVERSION = YES;
				CLANG_WARN_OBJC_ROOT_CLASS = YES_ERROR;
				CLANG_WARN_RANGE_LOOP_ANALYSIS = YES;
				CLANG_WARN_STRICT_PROTOTYPES = YES;
				CLANG_WARN_SUSPICIOUS_MOVE = YES;
				CLANG_WARN_UNREACHABLE_CODE = YES;
				CLANG_WARN__DUPLICATE_METHOD_MATCH = YES;
				"CODE_SIGN_IDENTITY[sdk=iphoneos*]" = "iPhone Developer";
				COPY_PHASE_STRIP = NO;
				DEBUG_INFORMATION_FORMAT = "dwarf-with-dsym";
				ENABLE_NS_ASSERTIONS = NO;
				ENABLE_STRICT_OBJC_MSGSEND = YES;
				GCC_C_LANGUAGE_STANDARD = gnu99;
				GCC_NO_COMMON_BLOCKS = YES;
				GCC_WARN_64_TO_32_BIT_CONVERSION = YES;
				GCC_WARN_ABOUT_RETURN_TYPE = YES_ERROR;
				GCC_WARN_UNDECLARED_SELECTOR = YES;
				GCC_WARN_UNINITIALIZED_AUTOS = YES_AGGRESSIVE;
				GCC_WARN_UNUSED_FUNCTION = YES;
				GCC_WARN_UNUSED_VARIABLE = YES;
				IPHONEOS_DEPLOYMENT_TARGET = 10.3;
				MTL_ENABLE_DEBUG_INFO = NO;
				SDKROOT = iphoneos;
				SWIFT_OPTIMIZATION_LEVEL = "-Owholemodule";
				VALIDATE_PRODUCT = YES;
			};
			name = Release;
		};
		1F70CBD01F04BFD700622D5E /* Debug */ = {
			isa = XCBuildConfiguration;
			baseConfigurationReference = D99EA4B8C2D516DE7DB7C4E8 /* Pods-FacebookExample.debug.xcconfig */;
			buildSettings = {
				ASSETCATALOG_COMPILER_APPICON_NAME = AppIcon;
				CLANG_ENABLE_MODULES = YES;
				DEVELOPMENT_TEAM = N7VFD4HU4U;
				INFOPLIST_FILE = FacebookExample/Info.plist;
				IPHONEOS_DEPLOYMENT_TARGET = 9.0;
				LD_RUNPATH_SEARCH_PATHS = "$(inherited) @executable_path/Frameworks";
				PRODUCT_BUNDLE_IDENTIFIER = com.widas.facebooksdk;
				PRODUCT_NAME = "$(TARGET_NAME)";
				SWIFT_OBJC_BRIDGING_HEADER = "FacebookExample/FacebookExample-Bridging-Header.h";
				SWIFT_OPTIMIZATION_LEVEL = "-Onone";
				SWIFT_VERSION = 4.0;
			};
			name = Debug;
		};
		1F70CBD11F04BFD700622D5E /* Release */ = {
			isa = XCBuildConfiguration;
			baseConfigurationReference = BD52ED30C381060124195CF6 /* Pods-FacebookExample.release.xcconfig */;
			buildSettings = {
				ASSETCATALOG_COMPILER_APPICON_NAME = AppIcon;
				CLANG_ENABLE_MODULES = YES;
				DEVELOPMENT_TEAM = N7VFD4HU4U;
				INFOPLIST_FILE = FacebookExample/Info.plist;
				IPHONEOS_DEPLOYMENT_TARGET = 9.0;
				LD_RUNPATH_SEARCH_PATHS = "$(inherited) @executable_path/Frameworks";
				PRODUCT_BUNDLE_IDENTIFIER = com.widas.facebooksdk;
				PRODUCT_NAME = "$(TARGET_NAME)";
				SWIFT_OBJC_BRIDGING_HEADER = "FacebookExample/FacebookExample-Bridging-Header.h";
				SWIFT_VERSION = 4.0;
			};
			name = Release;
		};
/* End XCBuildConfiguration section */

/* Begin XCConfigurationList section */
		1F70CBB81F04BFD700622D5E /* Build configuration list for PBXProject "FacebookExample" */ = {
			isa = XCConfigurationList;
			buildConfigurations = (
				1F70CBCD1F04BFD700622D5E /* Debug */,
				1F70CBCE1F04BFD700622D5E /* Release */,
			);
			defaultConfigurationIsVisible = 0;
			defaultConfigurationName = Release;
		};
		1F70CBCF1F04BFD700622D5E /* Build configuration list for PBXNativeTarget "FacebookExample" */ = {
			isa = XCConfigurationList;
			buildConfigurations = (
				1F70CBD01F04BFD700622D5E /* Debug */,
				1F70CBD11F04BFD700622D5E /* Release */,
			);
			defaultConfigurationIsVisible = 0;
			defaultConfigurationName = Release;
		};
/* End XCConfigurationList section */
	};
	rootObject = 1F70CBB51F04BFD700622D5E /* Project object */;
}
